{
  "name": "tphash",
  "version": "1.0.0",
  "lockfileVersion": 1,
  "requires": true,
  "dependencies": {
    "async": {
      "version": "2.6.3",
      "resolved": "https://registry.npmjs.org/async/-/async-2.6.3.tgz",
      "integrity": "sha512-zflvls11DCy+dQWzTW2dzuilv8Z5X/pjfmZOWba6TNIVDm+2UDaJmXSOXlasHKfNBs8oo3M0aT50fDEWfKZjXg==",
      "requires": {
        "lodash": "^4.17.14"
      }
    },
    "crypto-js": {
      "version": "4.0.0",
      "resolved": "https://registry.npmjs.org/crypto-js/-/crypto-js-4.0.0.tgz",
      "integrity": "sha512-bzHZN8Pn+gS7DQA6n+iUmBfl0hO5DJq++QP3U6uTucDtk/0iGpXd/Gg7CGR0p8tJhofJyaKoWBuJI4eAO00BBg=="
    },
    "javascript-blowfish": {
      "version": "github:agorlov/javascript-blowfish#d8c126defd1a82400560780ebf6ebf8c66831ea9",
      "from": "github:agorlov/javascript-blowfish"
    },
    "lodash": {
      "version": "4.17.20",
      "resolved": "https://registry.npmjs.org/lodash/-/lodash-4.17.20.tgz",
      "integrity": "sha512-PlhdFcillOINfeV7Ni6oF1TAEayyZBoZ8bcshTHqOYJYlrqzRK5hagpagky5o4HfCzzd1TRkXPMFq6cKk9rGmA=="
    },
    "mout": {
      "version": "0.11.1",
      "resolved": "https://registry.npmjs.org/mout/-/mout-0.11.1.tgz",
      "integrity": "sha1-ujYR318OWx/7/QEWa48C0fX6K5k="
    },
    "nyks": {
      "version": "2.31.3",
      "resolved": "https://registry.npmjs.org/nyks/-/nyks-2.31.3.tgz",
      "integrity": "sha1-Pa/bu+t2VRnECyN0fpGYw5oQNro=",
      "requires": {
        "async": "^2.0.0",
        "mout": "^1.0.0"
      },
      "dependencies": {
        "mout": {
          "version": "1.2.2",
          "resolved": "https://registry.npmjs.org/mout/-/mout-1.2.2.tgz",
          "integrity": "sha512-w0OUxFEla6z3d7sVpMZGBCpQvYh8PHS1wZ6Wu9GNKHMpAHWJ0if0LsQZh3DlOqw55HlhJEOMLpFnwtxp99Y5GA=="
        }
      }
    },
    "openssl": {
      "version": "1.1.0",
      "resolved": "https://registry.npmjs.org/openssl/-/openssl-1.1.0.tgz",
      "integrity": "sha1-cvklV37QyZUxMG+E0RU8oQvTrv0=",
      "requires": {
        "mout": "^0.11.1",
        "nyks": "^2.9.0"
      }
    },
    "openssl-nodejs": {
      "version": "1.0.5",
      "resolved": "https://registry.npmjs.org/openssl-nodejs/-/openssl-nodejs-1.0.5.tgz",
      "integrity": "sha512-6+nxZBw96nK1WUk5yIjhv9NRjqtNTfklB508T64BG5TQ8fU1x1rJrc1I3iVW+31KjnYYYwInGTopYxFJa7wMqA=="
    },
    "ripemd160-js": {
      "version": "1.1.1",
      "resolved": "https://registry.npmjs.org/ripemd160-js/-/ripemd160-js-1.1.1.tgz",
      "integrity": "sha512-f2gGZJqWY+xnFJU041epLiU1z//vyp0gp1CdAU4SklTKTLkbZk2X6xWEfPG9Nuam/umJuBAYHeikkQofPaWdTQ=="
    }
  }
}
